
Microsoft Visual Studio Solution File, Format Version 12.00
# Visual Studio Version 16
VisualStudioVersion = 16.0.29326.143
MinimumVisualStudioVersion = 10.0.40219.1
Project("{FAE04EC0-301F-11D3-BF4B-00C04F79EFBC}") = "PraviProjekatBerza", "PraviProjekatBerza.csproj", "{FF2415D4-FED1-4069-8736-1F323942B21D}"
EndProject
Global
	GlobalSection(SolutionConfigurationPlatforms) = preSolution
		Debug|Any CPU = Debug|Any CPU
		Release|Any CPU = Release|Any CPU
	EndGlobalSection
	GlobalSection(ProjectConfigurationPlatforms) = postSolution
		{FF2415D4-FED1-4069-8736-1F323942B21D}.Debug|Any CPU.ActiveCfg = Debug|Any CPU
		{FF2415D4-FED1-4069-8736-1F323942B21D}.Debug|Any CPU.Build.0 = Debug|Any CPU
		{FF2415D4-FED1-4069-8736-1F323942B21D}.Release|Any CPU.ActiveCfg = Release|Any CPU
		{FF2415D4-FED1-4069-8736-1F323942B21D}.Release|Any CPU.Build.0 = Release|Any CPU
	EndGlobalSection
	GlobalSection(SolutionProperties) = preSolution
		HideSolutionNode = FALSE
	EndGlobalSection
	GlobalSection(ExtensibilityGlobals) = postSolution
		SolutionGuid = {556DF0C0-5AFF-4878-9075-F322A7E309EC}
	EndGlobalSection
EndGlobal
